
Microsoft Visual Studio Solution File, Format Version 11.00
# Visual Studio 2010
Project("{8BC9CEB8-8B4A-11D0-8D11-00A0C91BC942}") = "wpl", "..\src\wpl.vcxproj", "{2423F23A-B689-F3F7-A864-A1729EC337C9}"
EndProject
Project("{8BC9CEB8-8B4A-11D0-8D11-00A0C91BC942}") = "wpl.tests", "..\tests\wpl.tests.vcxproj", "{685F6A5E-B74A-4ACF-873F-A5A6FB6AC8C9}"
EndProject
Project("{8BC9CEB8-8B4A-11D0-8D11-00A0C91BC942}") = "piechart", "..\samples\piechart\piechart.vcxproj", "{28031D00-3D0B-EC08-E699-80B31EE58488}"
EndProject
Project("{2150E333-8FDC-42A3-9474-1A3956D46DE8}") = "tests", "tests", "{94A691AB-24D7-4B6E-AF9F-43F2D57EEB59}"
EndProject
Project("{2150E333-8FDC-42A3-9474-1A3956D46DE8}") = "libraries", "libraries", "{969EB2F9-8C0A-4D63-BE3F-2C63B27A10FF}"
EndProject
Project("{8BC9CEB8-8B4A-11D0-8D11-00A0C91BC942}") = "utee", "..\libraries\utee\make\utee.vcxproj", "{4DB73ACE-2D47-4A6C-8213-2BE191DD921F}"
EndProject
Project("{2150E333-8FDC-42A3-9474-1A3956D46DE8}") = "tools", "tools", "{B15021F6-AD0C-4B36-8CA9-BF05F21E195D}"
EndProject
Project("{8BC9CEB8-8B4A-11D0-8D11-00A0C91BC942}") = "utee-runner", "..\libraries\utee\make\utee-runner.vcxproj", "{AD0BA725-9F6F-474E-ADB0-1F506B1CD394}"
EndProject
Project("{8BC9CEB8-8B4A-11D0-8D11-00A0C91BC942}") = "agge", "..\libraries\agge\src\agge\agge.vcxproj", "{F849E92C-248A-46B2-9EAB-F86578A21316}"
EndProject
Project("{8BC9CEB8-8B4A-11D0-8D11-00A0C91BC942}") = "agge.text", "..\libraries\agge\src\agge.text\agge.text.vcxproj", "{4B446510-FA62-AD02-51BA-9BDE9564FF26}"
EndProject
Project("{8BC9CEB8-8B4A-11D0-8D11-00A0C91BC942}") = "wpl-samples-common", "..\samples\common\src\samples-common.vcxproj", "{0939EE39-A722-3638-385B-C3656B191B84}"
EndProject
Project("{8BC9CEB8-8B4A-11D0-8D11-00A0C91BC942}") = "controls", "..\samples\controls\controls.vcxproj", "{122F81B0-7589-2059-70AA-4B56055C3190}"
EndProject
Project("{2150E333-8FDC-42A3-9474-1A3956D46DE8}") = "samples", "samples", "{95E46A10-CDDD-4207-AB5D-6D16F38BCC72}"
EndProject
Project("{8BC9CEB8-8B4A-11D0-8D11-00A0C91BC942}") = "listview", "..\samples\listview\listview.vcxproj", "{C36AB923-3985-1D6C-69AA-4177787B7A9C}"
EndProject
Project("{8BC9CEB8-8B4A-11D0-8D11-00A0C91BC942}") = "taborder", "..\samples\taborder\taborder.vcxproj", "{36263F47-9D5D-48C0-9721-BF1B9C9E2DE5}"
EndProject
Project("{8BC9CEB8-8B4A-11D0-8D11-00A0C91BC942}") = "wpl.win32.tests", "..\tests\win32\wpl.win32.tests.vcxproj", "{0AB5C43E-DEAD-4C33-9B56-702BAFC1EA37}"
EndProject
Project("{8BC9CEB8-8B4A-11D0-8D11-00A0C91BC942}") = "wpl-tests-common", "..\tests\common\wpl-tests-common.vcxproj", "{9A6A2463-D5CE-47DD-B69F-E13B08F8E1EC}"
EndProject
Project("{8BC9CEB8-8B4A-11D0-8D11-00A0C91BC942}") = "freetype2", "..\libraries\freetype2\builds\windows\vc2010\freetype2.vcxproj", "{78B079BD-9FC7-4B9E-B4A6-96DA0F00248B}"
EndProject
Project("{2150E333-8FDC-42A3-9474-1A3956D46DE8}") = "tests", "tests", "{D1164DED-3180-4C4C-8847-F253F33E6904}"
EndProject
Project("{8BC9CEB8-8B4A-11D0-8D11-00A0C91BC942}") = "agge.text.tests", "..\libraries\agge\tests\agge.text\agge.text.tests.vcxproj", "{60F5D59B-7647-25B1-BF47-8527687DA8AE}"
EndProject
Global
	GlobalSection(SolutionConfigurationPlatforms) = preSolution
		Debug|Win32 = Debug|Win32
		Debug|x64 = Debug|x64
		Release|Win32 = Release|Win32
		Release|x64 = Release|x64
	EndGlobalSection
	GlobalSection(ProjectConfigurationPlatforms) = postSolution
		{2423F23A-B689-F3F7-A864-A1729EC337C9}.Debug|Win32.ActiveCfg = Debug|Win32
		{2423F23A-B689-F3F7-A864-A1729EC337C9}.Debug|Win32.Build.0 = Debug|Win32
		{2423F23A-B689-F3F7-A864-A1729EC337C9}.Debug|x64.ActiveCfg = Debug|x64
		{2423F23A-B689-F3F7-A864-A1729EC337C9}.Debug|x64.Build.0 = Debug|x64
		{2423F23A-B689-F3F7-A864-A1729EC337C9}.Release|Win32.ActiveCfg = Release|Win32
		{2423F23A-B689-F3F7-A864-A1729EC337C9}.Release|Win32.Build.0 = Release|Win32
		{2423F23A-B689-F3F7-A864-A1729EC337C9}.Release|x64.ActiveCfg = Release|x64
		{2423F23A-B689-F3F7-A864-A1729EC337C9}.Release|x64.Build.0 = Release|x64
		{685F6A5E-B74A-4ACF-873F-A5A6FB6AC8C9}.Debug|Win32.ActiveCfg = Debug|Win32
		{685F6A5E-B74A-4ACF-873F-A5A6FB6AC8C9}.Debug|Win32.Build.0 = Debug|Win32
		{685F6A5E-B74A-4ACF-873F-A5A6FB6AC8C9}.Debug|x64.ActiveCfg = Debug|x64
		{685F6A5E-B74A-4ACF-873F-A5A6FB6AC8C9}.Debug|x64.Build.0 = Debug|x64
		{685F6A5E-B74A-4ACF-873F-A5A6FB6AC8C9}.Release|Win32.ActiveCfg = Release|Win32
		{685F6A5E-B74A-4ACF-873F-A5A6FB6AC8C9}.Release|Win32.Build.0 = Release|Win32
		{685F6A5E-B74A-4ACF-873F-A5A6FB6AC8C9}.Release|x64.ActiveCfg = Release|x64
		{685F6A5E-B74A-4ACF-873F-A5A6FB6AC8C9}.Release|x64.Build.0 = Release|x64
		{28031D00-3D0B-EC08-E699-80B31EE58488}.Debug|Win32.ActiveCfg = Debug|Win32
		{28031D00-3D0B-EC08-E699-80B31EE58488}.Debug|Win32.Build.0 = Debug|Win32
		{28031D00-3D0B-EC08-E699-80B31EE58488}.Debug|x64.ActiveCfg = Debug|x64
		{28031D00-3D0B-EC08-E699-80B31EE58488}.Debug|x64.Build.0 = Debug|x64
		{28031D00-3D0B-EC08-E699-80B31EE58488}.Release|Win32.ActiveCfg = Release|Win32
		{28031D00-3D0B-EC08-E699-80B31EE58488}.Release|Win32.Build.0 = Release|Win32
		{28031D00-3D0B-EC08-E699-80B31EE58488}.Release|x64.ActiveCfg = Release|x64
		{28031D00-3D0B-EC08-E699-80B31EE58488}.Release|x64.Build.0 = Release|x64
		{4DB73ACE-2D47-4A6C-8213-2BE191DD921F}.Debug|Win32.ActiveCfg = Debug|Win32
		{4DB73ACE-2D47-4A6C-8213-2BE191DD921F}.Debug|Win32.Build.0 = Debug|Win32
		{4DB73ACE-2D47-4A6C-8213-2BE191DD921F}.Debug|x64.ActiveCfg = Debug|x64
		{4DB73ACE-2D47-4A6C-8213-2BE191DD921F}.Debug|x64.Build.0 = Debug|x64
		{4DB73ACE-2D47-4A6C-8213-2BE191DD921F}.Release|Win32.ActiveCfg = Release|Win32
		{4DB73ACE-2D47-4A6C-8213-2BE191DD921F}.Release|Win32.Build.0 = Release|Win32
		{4DB73ACE-2D47-4A6C-8213-2BE191DD921F}.Release|x64.ActiveCfg = Release|x64
		{4DB73ACE-2D47-4A6C-8213-2BE191DD921F}.Release|x64.Build.0 = Release|x64
		{AD0BA725-9F6F-474E-ADB0-1F506B1CD394}.Debug|Win32.ActiveCfg = Debug|Win32
		{AD0BA725-9F6F-474E-ADB0-1F506B1CD394}.Debug|Win32.Build.0 = Debug|Win32
		{AD0BA725-9F6F-474E-ADB0-1F506B1CD394}.Debug|x64.ActiveCfg = Debug|x64
		{AD0BA725-9F6F-474E-ADB0-1F506B1CD394}.Debug|x64.Build.0 = Debug|x64
		{AD0BA725-9F6F-474E-ADB0-1F506B1CD394}.Release|Win32.ActiveCfg = Release|Win32
		{AD0BA725-9F6F-474E-ADB0-1F506B1CD394}.Release|Win32.Build.0 = Release|Win32
		{AD0BA725-9F6F-474E-ADB0-1F506B1CD394}.Release|x64.ActiveCfg = Release|x64
		{AD0BA725-9F6F-474E-ADB0-1F506B1CD394}.Release|x64.Build.0 = Release|x64
		{F849E92C-248A-46B2-9EAB-F86578A21316}.Debug|Win32.ActiveCfg = Debug|Win32
		{F849E92C-248A-46B2-9EAB-F86578A21316}.Debug|Win32.Build.0 = Debug|Win32
		{F849E92C-248A-46B2-9EAB-F86578A21316}.Debug|x64.ActiveCfg = Debug|x64
		{F849E92C-248A-46B2-9EAB-F86578A21316}.Debug|x64.Build.0 = Debug|x64
		{F849E92C-248A-46B2-9EAB-F86578A21316}.Release|Win32.ActiveCfg = Release|Win32
		{F849E92C-248A-46B2-9EAB-F86578A21316}.Release|Win32.Build.0 = Release|Win32
		{F849E92C-248A-46B2-9EAB-F86578A21316}.Release|x64.ActiveCfg = Release|x64
		{F849E92C-248A-46B2-9EAB-F86578A21316}.Release|x64.Build.0 = Release|x64
		{4B446510-FA62-AD02-51BA-9BDE9564FF26}.Debug|Win32.ActiveCfg = Debug|Win32
		{4B446510-FA62-AD02-51BA-9BDE9564FF26}.Debug|Win32.Build.0 = Debug|Win32
		{4B446510-FA62-AD02-51BA-9BDE9564FF26}.Debug|x64.ActiveCfg = Debug|x64
		{4B446510-FA62-AD02-51BA-9BDE9564FF26}.Debug|x64.Build.0 = Debug|x64
		{4B446510-FA62-AD02-51BA-9BDE9564FF26}.Release|Win32.ActiveCfg = Release|Win32
		{4B446510-FA62-AD02-51BA-9BDE9564FF26}.Release|Win32.Build.0 = Release|Win32
		{4B446510-FA62-AD02-51BA-9BDE9564FF26}.Release|x64.ActiveCfg = Release|x64
		{4B446510-FA62-AD02-51BA-9BDE9564FF26}.Release|x64.Build.0 = Release|x64
		{0939EE39-A722-3638-385B-C3656B191B84}.Debug|Win32.ActiveCfg = Debug|Win32
		{0939EE39-A722-3638-385B-C3656B191B84}.Debug|Win32.Build.0 = Debug|Win32
		{0939EE39-A722-3638-385B-C3656B191B84}.Debug|x64.ActiveCfg = Debug|x64
		{0939EE39-A722-3638-385B-C3656B191B84}.Debug|x64.Build.0 = Debug|x64
		{0939EE39-A722-3638-385B-C3656B191B84}.Release|Win32.ActiveCfg = Release|Win32
		{0939EE39-A722-3638-385B-C3656B191B84}.Release|Win32.Build.0 = Release|Win32
		{0939EE39-A722-3638-385B-C3656B191B84}.Release|x64.ActiveCfg = Release|x64
		{0939EE39-A722-3638-385B-C3656B191B84}.Release|x64.Build.0 = Release|x64
		{122F81B0-7589-2059-70AA-4B56055C3190}.Debug|Win32.ActiveCfg = Debug|Win32
		{122F81B0-7589-2059-70AA-4B56055C3190}.Debug|Win32.Build.0 = Debug|Win32
		{122F81B0-7589-2059-70AA-4B56055C3190}.Debug|x64.ActiveCfg = Debug|x64
		{122F81B0-7589-2059-70AA-4B56055C3190}.Debug|x64.Build.0 = Debug|x64
		{122F81B0-7589-2059-70AA-4B56055C3190}.Release|Win32.ActiveCfg = Release|Win32
		{122F81B0-7589-2059-70AA-4B56055C3190}.Release|Win32.Build.0 = Release|Win32
		{122F81B0-7589-2059-70AA-4B56055C3190}.Release|x64.ActiveCfg = Release|x64
		{122F81B0-7589-2059-70AA-4B56055C3190}.Release|x64.Build.0 = Release|x64
		{C36AB923-3985-1D6C-69AA-4177787B7A9C}.Debug|Win32.ActiveCfg = Debug|Win32
		{C36AB923-3985-1D6C-69AA-4177787B7A9C}.Debug|Win32.Build.0 = Debug|Win32
		{C36AB923-3985-1D6C-69AA-4177787B7A9C}.Debug|x64.ActiveCfg = Debug|x64
		{C36AB923-3985-1D6C-69AA-4177787B7A9C}.Debug|x64.Build.0 = Debug|x64
		{C36AB923-3985-1D6C-69AA-4177787B7A9C}.Release|Win32.ActiveCfg = Release|Win32
		{C36AB923-3985-1D6C-69AA-4177787B7A9C}.Release|Win32.Build.0 = Release|Win32
		{C36AB923-3985-1D6C-69AA-4177787B7A9C}.Release|x64.ActiveCfg = Release|x64
		{C36AB923-3985-1D6C-69AA-4177787B7A9C}.Release|x64.Build.0 = Release|x64
		{36263F47-9D5D-48C0-9721-BF1B9C9E2DE5}.Debug|Win32.ActiveCfg = Debug|Win32
		{36263F47-9D5D-48C0-9721-BF1B9C9E2DE5}.Debug|Win32.Build.0 = Debug|Win32
		{36263F47-9D5D-48C0-9721-BF1B9C9E2DE5}.Debug|x64.ActiveCfg = Debug|x64
		{36263F47-9D5D-48C0-9721-BF1B9C9E2DE5}.Debug|x64.Build.0 = Debug|x64
		{36263F47-9D5D-48C0-9721-BF1B9C9E2DE5}.Release|Win32.ActiveCfg = Release|Win32
		{36263F47-9D5D-48C0-9721-BF1B9C9E2DE5}.Release|Win32.Build.0 = Release|Win32
		{36263F47-9D5D-48C0-9721-BF1B9C9E2DE5}.Release|x64.ActiveCfg = Release|x64
		{36263F47-9D5D-48C0-9721-BF1B9C9E2DE5}.Release|x64.Build.0 = Release|x64
		{0AB5C43E-DEAD-4C33-9B56-702BAFC1EA37}.Debug|Win32.ActiveCfg = Debug|Win32
		{0AB5C43E-DEAD-4C33-9B56-702BAFC1EA37}.Debug|Win32.Build.0 = Debug|Win32
		{0AB5C43E-DEAD-4C33-9B56-702BAFC1EA37}.Debug|x64.ActiveCfg = Debug|x64
		{0AB5C43E-DEAD-4C33-9B56-702BAFC1EA37}.Debug|x64.Build.0 = Debug|x64
		{0AB5C43E-DEAD-4C33-9B56-702BAFC1EA37}.Release|Win32.ActiveCfg = Release|Win32
		{0AB5C43E-DEAD-4C33-9B56-702BAFC1EA37}.Release|Win32.Build.0 = Release|Win32
		{0AB5C43E-DEAD-4C33-9B56-702BAFC1EA37}.Release|x64.ActiveCfg = Release|x64
		{0AB5C43E-DEAD-4C33-9B56-702BAFC1EA37}.Release|x64.Build.0 = Release|x64
		{9A6A2463-D5CE-47DD-B69F-E13B08F8E1EC}.Debug|Win32.ActiveCfg = Debug|Win32
		{9A6A2463-D5CE-47DD-B69F-E13B08F8E1EC}.Debug|Win32.Build.0 = Debug|Win32
		{9A6A2463-D5CE-47DD-B69F-E13B08F8E1EC}.Debug|x64.ActiveCfg = Debug|x64
		{9A6A2463-D5CE-47DD-B69F-E13B08F8E1EC}.Debug|x64.Build.0 = Debug|x64
		{9A6A2463-D5CE-47DD-B69F-E13B08F8E1EC}.Release|Win32.ActiveCfg = Release|Win32
		{9A6A2463-D5CE-47DD-B69F-E13B08F8E1EC}.Release|Win32.Build.0 = Release|Win32
		{9A6A2463-D5CE-47DD-B69F-E13B08F8E1EC}.Release|x64.ActiveCfg = Release|x64
		{9A6A2463-D5CE-47DD-B69F-E13B08F8E1EC}.Release|x64.Build.0 = Release|x64
		{78B079BD-9FC7-4B9E-B4A6-96DA0F00248B}.Debug|Win32.ActiveCfg = Debug Static|Win32
		{78B079BD-9FC7-4B9E-B4A6-96DA0F00248B}.Debug|Win32.Build.0 = Debug Static|Win32
		{78B079BD-9FC7-4B9E-B4A6-96DA0F00248B}.Debug|x64.ActiveCfg = Debug Static|x64
		{78B079BD-9FC7-4B9E-B4A6-96DA0F00248B}.Debug|x64.Build.0 = Debug Static|x64
		{78B079BD-9FC7-4B9E-B4A6-96DA0F00248B}.Release|Win32.ActiveCfg = Release Static|Win32
		{78B079BD-9FC7-4B9E-B4A6-96DA0F00248B}.Release|Win32.Build.0 = Release Static|Win32
		{78B079BD-9FC7-4B9E-B4A6-96DA0F00248B}.Release|x64.ActiveCfg = Release Static|x64
		{78B079BD-9FC7-4B9E-B4A6-96DA0F00248B}.Release|x64.Build.0 = Release Static|x64
		{60F5D59B-7647-25B1-BF47-8527687DA8AE}.Debug|Win32.ActiveCfg = Debug|Win32
		{60F5D59B-7647-25B1-BF47-8527687DA8AE}.Debug|Win32.Build.0 = Debug|Win32
		{60F5D59B-7647-25B1-BF47-8527687DA8AE}.Debug|x64.ActiveCfg = Debug|x64
		{60F5D59B-7647-25B1-BF47-8527687DA8AE}.Debug|x64.Build.0 = Debug|x64
		{60F5D59B-7647-25B1-BF47-8527687DA8AE}.Release|Win32.ActiveCfg = Release|Win32
		{60F5D59B-7647-25B1-BF47-8527687DA8AE}.Release|Win32.Build.0 = Release|Win32
		{60F5D59B-7647-25B1-BF47-8527687DA8AE}.Release|x64.ActiveCfg = Release|x64
		{60F5D59B-7647-25B1-BF47-8527687DA8AE}.Release|x64.Build.0 = Release|x64
	EndGlobalSection
	GlobalSection(SolutionProperties) = preSolution
		HideSolutionNode = FALSE
	EndGlobalSection
	GlobalSection(NestedProjects) = preSolution
		{685F6A5E-B74A-4ACF-873F-A5A6FB6AC8C9} = {94A691AB-24D7-4B6E-AF9F-43F2D57EEB59}
		{0AB5C43E-DEAD-4C33-9B56-702BAFC1EA37} = {94A691AB-24D7-4B6E-AF9F-43F2D57EEB59}
		{9A6A2463-D5CE-47DD-B69F-E13B08F8E1EC} = {94A691AB-24D7-4B6E-AF9F-43F2D57EEB59}
		{0939EE39-A722-3638-385B-C3656B191B84} = {95E46A10-CDDD-4207-AB5D-6D16F38BCC72}
		{122F81B0-7589-2059-70AA-4B56055C3190} = {95E46A10-CDDD-4207-AB5D-6D16F38BCC72}
		{28031D00-3D0B-EC08-E699-80B31EE58488} = {95E46A10-CDDD-4207-AB5D-6D16F38BCC72}
		{C36AB923-3985-1D6C-69AA-4177787B7A9C} = {95E46A10-CDDD-4207-AB5D-6D16F38BCC72}
		{36263F47-9D5D-48C0-9721-BF1B9C9E2DE5} = {95E46A10-CDDD-4207-AB5D-6D16F38BCC72}
		{4DB73ACE-2D47-4A6C-8213-2BE191DD921F} = {969EB2F9-8C0A-4D63-BE3F-2C63B27A10FF}
		{F849E92C-248A-46B2-9EAB-F86578A21316} = {969EB2F9-8C0A-4D63-BE3F-2C63B27A10FF}
		{4B446510-FA62-AD02-51BA-9BDE9564FF26} = {969EB2F9-8C0A-4D63-BE3F-2C63B27A10FF}
		{78B079BD-9FC7-4B9E-B4A6-96DA0F00248B} = {969EB2F9-8C0A-4D63-BE3F-2C63B27A10FF}
		{D1164DED-3180-4C4C-8847-F253F33E6904} = {969EB2F9-8C0A-4D63-BE3F-2C63B27A10FF}
		{AD0BA725-9F6F-474E-ADB0-1F506B1CD394} = {B15021F6-AD0C-4B36-8CA9-BF05F21E195D}
		{60F5D59B-7647-25B1-BF47-8527687DA8AE} = {D1164DED-3180-4C4C-8847-F253F33E6904}
	EndGlobalSection
	GlobalSection(ExtensibilityGlobals) = postSolution
		SolutionGuid = {0AE13F4D-C2B9-4DF2-A34D-F8FDCD6E18F9}
	EndGlobalSection
EndGlobal
