<?xml version="1.0" encoding="utf-8"?>
<Project ToolsVersion="4.0" xmlns="http://schemas.microsoft.com/developer/msbuild/2003">
  <ItemGroup>
    <Filter Include="Source Files">
      <UniqueIdentifier>{4FC737F1-C7A5-4376-A066-2A32D752A2FF}</UniqueIdentifier>
      <Extensions>cpp;c;cc;cxx;def;odl;idl;hpj;bat;asm;asmx</Extensions>
    </Filter>
    <Filter Include="win32">
      <UniqueIdentifier>{2ac5d412-9518-4444-8596-230f865e27a3}</UniqueIdentifier>
    </Filter>
    <Filter Include="Source Files\win32">
      <UniqueIdentifier>{c6e0779a-2551-4241-bdca-37edcbd1bc28}</UniqueIdentifier>
    </Filter>
    <Filter Include="controls">
      <UniqueIdentifier>{3af60512-c9fd-4204-a828-766c78bb0a1c}</UniqueIdentifier>
    </Filter>
    <Filter Include="Source Files\controls">
      <UniqueIdentifier>{d30c3096-0faf-4b46-ae36-26e34a4a23d4}</UniqueIdentifier>
    </Filter>
  </ItemGroup>
  <ItemGroup>
    <ClCompile Include="layout.cpp">
      <Filter>Source Files</Filter>
    </ClCompile>
    <ClCompile Include="visual.cpp">
      <Filter>Source Files</Filter>
    </ClCompile>
    <ClCompile Include="container.cpp">
      <Filter>Source Files</Filter>
    </ClCompile>
    <ClCompile Include="win32\form.cpp">
      <Filter>Source Files\win32</Filter>
    </ClCompile>
    <ClCompile Include="win32\view_host.cpp">
      <Filter>Source Files\win32</Filter>
    </ClCompile>
    <ClCompile Include="win32\window.cpp">
      <Filter>Source Files\win32</Filter>
    </ClCompile>
    <ClCompile Include="win32\controls.cpp">
      <Filter>Source Files\win32</Filter>
    </ClCompile>
    <ClCompile Include="win32\comboxbox.cpp">
      <Filter>Source Files\win32</Filter>
    </ClCompile>
    <ClCompile Include="scroller.cpp">
      <Filter>Source Files</Filter>
    </ClCompile>
    <ClCompile Include="controls\listview.cpp">
      <Filter>Source Files\controls</Filter>
    </ClCompile>
    <ClCompile Include="win32\listview_win32.cpp">
      <Filter>Source Files\win32</Filter>
    </ClCompile>
  </ItemGroup>
  <ItemGroup>
    <ClInclude Include="..\..\wpl\ui\win32\controls.h">
      <Filter>win32</Filter>
    </ClInclude>
    <ClInclude Include="..\..\wpl\ui\win32\window.h">
      <Filter>win32</Filter>
    </ClInclude>
    <ClInclude Include="..\..\wpl\ui\form.h" />
    <ClInclude Include="..\..\wpl\ui\input.h" />
    <ClInclude Include="..\..\wpl\ui\layout.h" />
    <ClInclude Include="..\..\wpl\ui\listview.h" />
    <ClInclude Include="..\..\wpl\ui\view.h" />
    <ClInclude Include="..\..\wpl\ui\visual.h" />
    <ClInclude Include="..\..\wpl\ui\container.h" />
    <ClInclude Include="..\..\wpl\ui\types.h" />
    <ClInclude Include="..\..\wpl\ui\win32\native_view.h">
      <Filter>win32</Filter>
    </ClInclude>
    <ClInclude Include="..\..\wpl\ui\win32\types.h">
      <Filter>win32</Filter>
    </ClInclude>
    <ClInclude Include="..\..\wpl\ui\view_host.h" />
    <ClInclude Include="win32\view_host.h">
      <Filter>Source Files\win32</Filter>
    </ClInclude>
    <ClInclude Include="win32\listview.h">
      <Filter>Source Files\win32</Filter>
    </ClInclude>
    <ClInclude Include="..\..\wpl\ui\models.h" />
    <ClInclude Include="..\..\wpl\ui\controls.h" />
    <ClInclude Include="win32\native_view.h">
      <Filter>Source Files\win32</Filter>
    </ClInclude>
    <ClInclude Include="..\..\wpl\ui\win32\form.h">
      <Filter>win32</Filter>
    </ClInclude>
    <ClInclude Include="..\..\wpl\ui\combobox.h" />
    <ClInclude Include="win32\combobox.h">
      <Filter>Source Files\win32</Filter>
    </ClInclude>
    <ClInclude Include="..\..\wpl\ui\scroller.h" />
    <ClInclude Include="..\..\wpl\ui\controls\listview.h">
      <Filter>controls</Filter>
    </ClInclude>
  </ItemGroup>
</Project>