<?xml version="1.0" encoding="utf-8"?>
<Project ToolsVersion="4.0" xmlns="http://schemas.microsoft.com/developer/msbuild/2003">
  <ItemGroup>
    <Filter Include="win32">
      <UniqueIdentifier>{2ac5d412-9518-4444-8596-230f865e27a3}</UniqueIdentifier>
    </Filter>
    <Filter Include="controls">
      <UniqueIdentifier>{3af60512-c9fd-4204-a828-766c78bb0a1c}</UniqueIdentifier>
    </Filter>
    <Filter Include="src">
      <UniqueIdentifier>{4FC737F1-C7A5-4376-A066-2A32D752A2FF}</UniqueIdentifier>
      <Extensions>cpp;c;cc;cxx;def;odl;idl;hpj;bat;asm;asmx</Extensions>
    </Filter>
    <Filter Include="src\win32">
      <UniqueIdentifier>{c6e0779a-2551-4241-bdca-37edcbd1bc28}</UniqueIdentifier>
    </Filter>
    <Filter Include="src\controls">
      <UniqueIdentifier>{d30c3096-0faf-4b46-ae36-26e34a4a23d4}</UniqueIdentifier>
    </Filter>
  </ItemGroup>
  <ItemGroup>
    <ClCompile Include="layout.cpp">
      <Filter>src</Filter>
    </ClCompile>
    <ClCompile Include="visual.cpp">
      <Filter>src</Filter>
    </ClCompile>
    <ClCompile Include="container.cpp">
      <Filter>src</Filter>
    </ClCompile>
    <ClCompile Include="win32\form.cpp">
      <Filter>src\win32</Filter>
    </ClCompile>
    <ClCompile Include="win32\view_host.cpp">
      <Filter>src\win32</Filter>
    </ClCompile>
    <ClCompile Include="win32\window.cpp">
      <Filter>src\win32</Filter>
    </ClCompile>
    <ClCompile Include="win32\controls.cpp">
      <Filter>src\win32</Filter>
    </ClCompile>
    <ClCompile Include="win32\listview_win32.cpp">
      <Filter>src\win32</Filter>
    </ClCompile>
    <ClCompile Include="controls\listview_core.cpp">
      <Filter>src\controls</Filter>
    </ClCompile>
    <ClCompile Include="controls\scroller.cpp">
      <Filter>src\controls</Filter>
    </ClCompile>
    <ClCompile Include="win32\native_view.cpp">
      <Filter>src\win32</Filter>
    </ClCompile>
    <ClCompile Include="factory.cpp">
      <Filter>src</Filter>
    </ClCompile>
    <ClCompile Include="win32\factory_win32.cpp">
      <Filter>src\win32</Filter>
    </ClCompile>
    <ClCompile Include="win32\font_loader_win32.cpp">
      <Filter>src\win32</Filter>
    </ClCompile>
    <ClCompile Include="stylesheet_db.cpp">
      <Filter>src</Filter>
    </ClCompile>
    <ClCompile Include="controls\listview_basic.cpp">
      <Filter>src\controls</Filter>
    </ClCompile>
    <ClCompile Include="controls\header_core.cpp">
      <Filter>src\controls</Filter>
    </ClCompile>
    <ClCompile Include="controls\header_basic.cpp">
      <Filter>src\controls</Filter>
    </ClCompile>
    <ClCompile Include="input_stubs.cpp">
      <Filter>src</Filter>
    </ClCompile>
    <ClCompile Include="win32\combobox.cpp">
      <Filter>src\win32</Filter>
    </ClCompile>
    <ClCompile Include="animated_models.cpp">
      <Filter>src</Filter>
    </ClCompile>
    <ClCompile Include="win32\queue.cpp">
      <Filter>src\win32</Filter>
    </ClCompile>
  </ItemGroup>
  <ItemGroup>
    <ClInclude Include="..\wpl\controls\listview_core.h">
      <Filter>controls</Filter>
    </ClInclude>
    <ClInclude Include="..\wpl\controls\scroller.h">
      <Filter>controls</Filter>
    </ClInclude>
    <ClInclude Include="..\wpl\win32\controls.h">
      <Filter>win32</Filter>
    </ClInclude>
    <ClInclude Include="..\wpl\win32\form.h">
      <Filter>win32</Filter>
    </ClInclude>
    <ClInclude Include="..\wpl\win32\native_view.h">
      <Filter>win32</Filter>
    </ClInclude>
    <ClInclude Include="..\wpl\win32\window.h">
      <Filter>win32</Filter>
    </ClInclude>
    <ClInclude Include="..\wpl\concepts.h" />
    <ClInclude Include="..\wpl\container.h" />
    <ClInclude Include="..\wpl\control.h" />
    <ClInclude Include="..\wpl\controls.h" />
    <ClInclude Include="..\wpl\form.h" />
    <ClInclude Include="..\wpl\input.h" />
    <ClInclude Include="..\wpl\layout.h" />
    <ClInclude Include="..\wpl\models.h" />
    <ClInclude Include="..\wpl\signals.h" />
    <ClInclude Include="..\wpl\types.h" />
    <ClInclude Include="..\wpl\view.h" />
    <ClInclude Include="..\wpl\view_host.h" />
    <ClInclude Include="..\wpl\visual.h" />
    <ClInclude Include="..\wpl\win32\listview.h">
      <Filter>win32</Filter>
    </ClInclude>
    <ClInclude Include="..\wpl\win32\combobox.h">
      <Filter>win32</Filter>
    </ClInclude>
    <ClInclude Include="..\wpl\win32\view_host.h">
      <Filter>win32</Filter>
    </ClInclude>
    <ClInclude Include="..\wpl\factory.h" />
    <ClInclude Include="..\wpl\stylesheet.h" />
    <ClInclude Include="..\wpl\win32\font_loader.h">
      <Filter>win32</Filter>
    </ClInclude>
    <ClInclude Include="..\wpl\controls\integrated.h">
      <Filter>controls</Filter>
    </ClInclude>
    <ClInclude Include="..\wpl\controls\listview_composite.h">
      <Filter>controls</Filter>
    </ClInclude>
    <ClInclude Include="..\wpl\controls\listview_basic.h">
      <Filter>controls</Filter>
    </ClInclude>
    <ClInclude Include="..\wpl\controls\header_core.h">
      <Filter>controls</Filter>
    </ClInclude>
    <ClInclude Include="..\wpl\controls\header_basic.h">
      <Filter>controls</Filter>
    </ClInclude>
    <ClInclude Include="..\wpl\animated_models.h" />
    <ClInclude Include="..\wpl\factory_context.h" />
    <ClInclude Include="..\wpl\queue.h" />
    <ClInclude Include="..\wpl\win32\queue.h">
      <Filter>win32</Filter>
    </ClInclude>
  </ItemGroup>
</Project>