<?xml version="1.0" encoding="utf-8"?>
<Project ToolsVersion="4.0" xmlns="http://schemas.microsoft.com/developer/msbuild/2003">
  <ItemGroup>
    <Filter Include="win32">
      <UniqueIdentifier>{2ac5d412-9518-4444-8596-230f865e27a3}</UniqueIdentifier>
    </Filter>
    <Filter Include="controls">
      <UniqueIdentifier>{3af60512-c9fd-4204-a828-766c78bb0a1c}</UniqueIdentifier>
    </Filter>
    <Filter Include="src">
      <UniqueIdentifier>{4FC737F1-C7A5-4376-A066-2A32D752A2FF}</UniqueIdentifier>
      <Extensions>cpp;c;cc;cxx;def;odl;idl;hpj;bat;asm;asmx</Extensions>
    </Filter>
    <Filter Include="src\win32">
      <UniqueIdentifier>{c6e0779a-2551-4241-bdca-37edcbd1bc28}</UniqueIdentifier>
    </Filter>
    <Filter Include="src\controls">
      <UniqueIdentifier>{d30c3096-0faf-4b46-ae36-26e34a4a23d4}</UniqueIdentifier>
    </Filter>
    <Filter Include="freetype2">
      <UniqueIdentifier>{397c7c87-11a2-4e75-a60d-400e70ecec5c}</UniqueIdentifier>
    </Filter>
    <Filter Include="src\freetype2">
      <UniqueIdentifier>{50a95ee8-f1cd-4264-a44a-b60078dc932e}</UniqueIdentifier>
    </Filter>
    <Filter Include="src\macos">
      <UniqueIdentifier>{c1192476-08bf-4687-84f2-9ba47401482d}</UniqueIdentifier>
    </Filter>
    <Filter Include="macos">
      <UniqueIdentifier>{f5a59500-6246-41f9-9c12-0cf177e1b5e7}</UniqueIdentifier>
    </Filter>
    <Filter Include="misc">
      <UniqueIdentifier>{2e750271-b114-4a39-b2f0-15371f2d9767}</UniqueIdentifier>
    </Filter>
    <Filter Include="src\misc">
      <UniqueIdentifier>{455fc822-7739-4bbe-b475-9a412d0d593c}</UniqueIdentifier>
    </Filter>
  </ItemGroup>
  <ItemGroup>
    <ClCompile Include="layout.cpp">
      <Filter>src</Filter>
    </ClCompile>
    <ClCompile Include="visual.cpp">
      <Filter>src</Filter>
    </ClCompile>
    <ClCompile Include="win32\form.cpp">
      <Filter>src\win32</Filter>
    </ClCompile>
    <ClCompile Include="win32\view_host.cpp">
      <Filter>src\win32</Filter>
    </ClCompile>
    <ClCompile Include="win32\window.cpp">
      <Filter>src\win32</Filter>
    </ClCompile>
    <ClCompile Include="win32\controls.cpp">
      <Filter>src\win32</Filter>
    </ClCompile>
    <ClCompile Include="win32\listview_win32.cpp">
      <Filter>src\win32</Filter>
    </ClCompile>
    <ClCompile Include="controls\listview_core.cpp">
      <Filter>src\controls</Filter>
    </ClCompile>
    <ClCompile Include="controls\scroller.cpp">
      <Filter>src\controls</Filter>
    </ClCompile>
    <ClCompile Include="win32\native_view.cpp">
      <Filter>src\win32</Filter>
    </ClCompile>
    <ClCompile Include="factory.cpp">
      <Filter>src</Filter>
    </ClCompile>
    <ClCompile Include="win32\factory_win32.cpp">
      <Filter>src\win32</Filter>
    </ClCompile>
    <ClCompile Include="win32\font_loader_win32.cpp">
      <Filter>src\win32</Filter>
    </ClCompile>
    <ClCompile Include="stylesheet_db.cpp">
      <Filter>src</Filter>
    </ClCompile>
    <ClCompile Include="controls\listview_basic.cpp">
      <Filter>src\controls</Filter>
    </ClCompile>
    <ClCompile Include="controls\header_core.cpp">
      <Filter>src\controls</Filter>
    </ClCompile>
    <ClCompile Include="controls\header_basic.cpp">
      <Filter>src\controls</Filter>
    </ClCompile>
    <ClCompile Include="input_stubs.cpp">
      <Filter>src</Filter>
    </ClCompile>
    <ClCompile Include="win32\combobox.cpp">
      <Filter>src\win32</Filter>
    </ClCompile>
    <ClCompile Include="animated_models.cpp">
      <Filter>src</Filter>
    </ClCompile>
    <ClCompile Include="animation.cpp">
      <Filter>src</Filter>
    </ClCompile>
    <ClCompile Include="win32\cursor_manager.cpp">
      <Filter>src\win32</Filter>
    </ClCompile>
    <ClCompile Include="win32\font_manager_win32.cpp">
      <Filter>src\win32</Filter>
    </ClCompile>
    <ClCompile Include="visual_router.cpp">
      <Filter>src</Filter>
    </ClCompile>
    <ClCompile Include="keyboard_router.cpp">
      <Filter>src</Filter>
    </ClCompile>
    <ClCompile Include="mouse_router.cpp">
      <Filter>src</Filter>
    </ClCompile>
    <ClCompile Include="controls\background.cpp">
      <Filter>src\controls</Filter>
    </ClCompile>
    <ClCompile Include="glyphs.cpp">
      <Filter>src</Filter>
    </ClCompile>
    <ClCompile Include="helpers.cpp">
      <Filter>src</Filter>
    </ClCompile>
    <ClCompile Include="freetype2\font_loader.cpp">
      <Filter>src\freetype2</Filter>
    </ClCompile>
    <ClCompile Include="win32\font_loader_freetype_win32.cpp">
      <Filter>src\win32</Filter>
    </ClCompile>
    <ClCompile Include="macos\factory_macos.cpp">
      <Filter>src\macos</Filter>
    </ClCompile>
    <ClCompile Include="macos\font_loader_freetype_unix.cpp">
      <Filter>src\macos</Filter>
    </ClCompile>
    <ClCompile Include="layout_stack.cpp">
      <Filter>src</Filter>
    </ClCompile>
    <ClCompile Include="win32\mouse_router_win32.cpp">
      <Filter>src\win32</Filter>
    </ClCompile>
    <ClCompile Include="win32\visual_router_win32.cpp">
      <Filter>src\win32</Filter>
    </ClCompile>
    <ClCompile Include="win32\helpers_win32.cpp">
      <Filter>src\win32</Filter>
    </ClCompile>
    <ClCompile Include="layout_staggered.cpp">
      <Filter>src</Filter>
    </ClCompile>
    <ClCompile Include="controls\label.cpp">
      <Filter>src\controls</Filter>
    </ClCompile>
    <ClCompile Include="misc\statistics_view.cpp">
      <Filter>src\misc</Filter>
    </ClCompile>
  </ItemGroup>
  <ItemGroup>
    <ClInclude Include="..\wpl\controls\listview_core.h">
      <Filter>controls</Filter>
    </ClInclude>
    <ClInclude Include="..\wpl\controls\scroller.h">
      <Filter>controls</Filter>
    </ClInclude>
    <ClInclude Include="..\wpl\win32\controls.h">
      <Filter>win32</Filter>
    </ClInclude>
    <ClInclude Include="..\wpl\win32\form.h">
      <Filter>win32</Filter>
    </ClInclude>
    <ClInclude Include="..\wpl\win32\native_view.h">
      <Filter>win32</Filter>
    </ClInclude>
    <ClInclude Include="..\wpl\win32\window.h">
      <Filter>win32</Filter>
    </ClInclude>
    <ClInclude Include="..\wpl\concepts.h" />
    <ClInclude Include="..\wpl\control.h" />
    <ClInclude Include="..\wpl\controls.h" />
    <ClInclude Include="..\wpl\form.h" />
    <ClInclude Include="..\wpl\input.h" />
    <ClInclude Include="..\wpl\layout.h" />
    <ClInclude Include="..\wpl\models.h" />
    <ClInclude Include="..\wpl\types.h" />
    <ClInclude Include="..\wpl\view.h" />
    <ClInclude Include="..\wpl\view_host.h" />
    <ClInclude Include="..\wpl\visual.h" />
    <ClInclude Include="..\wpl\win32\listview.h">
      <Filter>win32</Filter>
    </ClInclude>
    <ClInclude Include="..\wpl\win32\combobox.h">
      <Filter>win32</Filter>
    </ClInclude>
    <ClInclude Include="..\wpl\win32\view_host.h">
      <Filter>win32</Filter>
    </ClInclude>
    <ClInclude Include="..\wpl\factory.h" />
    <ClInclude Include="..\wpl\stylesheet.h" />
    <ClInclude Include="..\wpl\win32\font_loader.h">
      <Filter>win32</Filter>
    </ClInclude>
    <ClInclude Include="..\wpl\controls\integrated.h">
      <Filter>controls</Filter>
    </ClInclude>
    <ClInclude Include="..\wpl\controls\listview_composite.h">
      <Filter>controls</Filter>
    </ClInclude>
    <ClInclude Include="..\wpl\controls\listview_basic.h">
      <Filter>controls</Filter>
    </ClInclude>
    <ClInclude Include="..\wpl\controls\header_core.h">
      <Filter>controls</Filter>
    </ClInclude>
    <ClInclude Include="..\wpl\controls\header_basic.h">
      <Filter>controls</Filter>
    </ClInclude>
    <ClInclude Include="..\wpl\animated_models.h" />
    <ClInclude Include="..\wpl\factory_context.h" />
    <ClInclude Include="..\wpl\queue.h" />
    <ClInclude Include="..\wpl\animation.h" />
    <ClInclude Include="..\wpl\cursor.h" />
    <ClInclude Include="..\wpl\win32\cursor_manager.h">
      <Filter>win32</Filter>
    </ClInclude>
    <ClInclude Include="..\wpl\win32\font_manager.h">
      <Filter>win32</Filter>
    </ClInclude>
    <ClInclude Include="..\wpl\stylesheet_db.h" />
    <ClInclude Include="..\wpl\win32\text_container.h">
      <Filter>win32</Filter>
    </ClInclude>
    <ClInclude Include="..\wpl\stylesheet_helpers.h" />
    <ClInclude Include="..\wpl\mouse_router.h" />
    <ClInclude Include="..\wpl\keyboard_router.h" />
    <ClInclude Include="..\wpl\visual_router.h" />
    <ClInclude Include="..\wpl\controls\background.h">
      <Filter>controls</Filter>
    </ClInclude>
    <ClInclude Include="..\wpl\drag_helper.h" />
    <ClInclude Include="glyphs.h">
      <Filter>src</Filter>
    </ClInclude>
    <ClInclude Include="..\wpl\helpers.h" />
    <ClInclude Include="..\wpl\freetype2\font_loader.h">
      <Filter>freetype2</Filter>
    </ClInclude>
    <ClInclude Include="..\wpl\signal.h" />
    <ClInclude Include="..\wpl\macos\form.h">
      <Filter>macos</Filter>
    </ClInclude>
    <ClInclude Include="..\wpl\macos\cursor_manager.h">
      <Filter>macos</Filter>
    </ClInclude>
    <ClInclude Include="..\wpl\view_helpers.h" />
    <ClInclude Include="helpers.h">
      <Filter>src</Filter>
    </ClInclude>
    <ClInclude Include="..\wpl\win32\mouse_router.h">
      <Filter>win32</Filter>
    </ClInclude>
    <ClInclude Include="..\wpl\win32\visual_router.h">
      <Filter>win32</Filter>
    </ClInclude>
    <ClInclude Include="..\wpl\win32\helpers.h">
      <Filter>win32</Filter>
    </ClInclude>
    <ClInclude Include="..\wpl\controls\label.h">
      <Filter>controls</Filter>
    </ClInclude>
    <ClInclude Include="..\wpl\misc\statistics_view.h">
      <Filter>misc</Filter>
    </ClInclude>
  </ItemGroup>
  <ItemGroup>
    <None Include="macos\form.mm">
      <Filter>src\macos</Filter>
    </None>
    <None Include="macos\cursor_manager.mm">
      <Filter>src\macos</Filter>
    </None>
  </ItemGroup>
</Project>